
Microsoft Visual Studio Solution File, Format Version 11.00
# Visual Studio 2010
Project("{FAE04EC0-301F-11D3-BF4B-00C04F79EFBC}") = "RainbowMadness", "RainbowMadness\RainbowMadness.csproj", "{D2F84F33-9E7B-4B81-BF7C-905150FCC877}"
EndProject
Project("{96E2B04D-8817-42C6-938A-82C39BA4D311}") = "RainbowMadnessContent", "RainbowMadnessContent\RainbowMadnessContent.contentproj", "{AD80569B-12DE-41E2-8335-99C1B5E540DA}"
EndProject
Global
	GlobalSection(SolutionConfigurationPlatforms) = preSolution
		Debug|x86 = Debug|x86
		Release|x86 = Release|x86
	EndGlobalSection
	GlobalSection(ProjectConfigurationPlatforms) = postSolution
		{D2F84F33-9E7B-4B81-BF7C-905150FCC877}.Debug|x86.ActiveCfg = Debug|x86
		{D2F84F33-9E7B-4B81-BF7C-905150FCC877}.Debug|x86.Build.0 = Debug|x86
		{D2F84F33-9E7B-4B81-BF7C-905150FCC877}.Release|x86.ActiveCfg = Release|x86
		{D2F84F33-9E7B-4B81-BF7C-905150FCC877}.Release|x86.Build.0 = Release|x86
		{AD80569B-12DE-41E2-8335-99C1B5E540DA}.Debug|x86.ActiveCfg = Debug|x86
		{AD80569B-12DE-41E2-8335-99C1B5E540DA}.Release|x86.ActiveCfg = Release|x86
	EndGlobalSection
	GlobalSection(SolutionProperties) = preSolution
		HideSolutionNode = FALSE
	EndGlobalSection
EndGlobal
